<?xml version="1.0" encoding="utf-8"?>
<Project ToolsVersion="4.0" xmlns="http://schemas.microsoft.com/developer/msbuild/2003">
  <ItemGroup>
    <Filter Include="源文件">
      <UniqueIdentifier>{4FC737F1-C7A5-4376-A066-2A32D752A2FF}</UniqueIdentifier>
      <Extensions>cpp;c;cc;cxx;def;odl;idl;hpj;bat;asm;asmx</Extensions>
    </Filter>
    <Filter Include="头文件">
      <UniqueIdentifier>{93995380-89BD-4b04-88EB-625FBE52EBFB}</UniqueIdentifier>
      <Extensions>h;hh;hpp;hxx;hm;inl;inc;xsd</Extensions>
    </Filter>
    <Filter Include="资源文件">
      <UniqueIdentifier>{67DA6AB6-F800-4c08-8B7A-83BB121AAD01}</UniqueIdentifier>
      <Extensions>rc;ico;cur;bmp;dlg;rc2;rct;bin;rgs;gif;jpg;jpeg;jpe;resx;tiff;tif;png;wav;mfcribbon-ms</Extensions>
    </Filter>
    <Filter Include="Scoket">
      <UniqueIdentifier>{9751fae0-4ff1-4bf3-8bf9-9a365d36de44}</UniqueIdentifier>
    </Filter>
    <Filter Include="Scoket\Tcp_Client">
      <UniqueIdentifier>{036423c1-0812-4acd-a3db-3da9bfada810}</UniqueIdentifier>
    </Filter>
    <Filter Include="Scoket\Tcp_Server">
      <UniqueIdentifier>{16c79153-9bbd-494b-b2a9-5370e58c68b4}</UniqueIdentifier>
    </Filter>
    <Filter Include="Scoket\UDP">
      <UniqueIdentifier>{093e87dc-b02d-4e44-9de1-69a9c73f261a}</UniqueIdentifier>
    </Filter>
  </ItemGroup>
  <ItemGroup>
    <Text Include="ReadMe.txt" />
  </ItemGroup>
  <ItemGroup>
    <ClInclude Include="stdafx.h">
      <Filter>头文件</Filter>
    </ClInclude>
    <ClInclude Include="targetver.h">
      <Filter>头文件</Filter>
    </ClInclude>
    <ClInclude Include="Socket\Tcp_Client\ScoketTcpClient.h">
      <Filter>Scoket\Tcp_Client</Filter>
    </ClInclude>
    <ClInclude Include="Socket\Tcp_Server\ScoketTcpServer.h">
      <Filter>Scoket\Tcp_Server</Filter>
    </ClInclude>
    <ClInclude Include="Socket\SocketInterface.h">
      <Filter>Scoket</Filter>
    </ClInclude>
    <ClInclude Include="Socket\UDP\SocketUDPClient.h">
      <Filter>Scoket\UDP</Filter>
    </ClInclude>
  </ItemGroup>
  <ItemGroup>
    <ClCompile Include="Socket\Tcp_Client\ScoketTcpClient.cpp">
      <Filter>Scoket\Tcp_Client</Filter>
    </ClCompile>
    <ClCompile Include="Socket\Tcp_Server\ScoketTcpServer.cpp">
      <Filter>Scoket\Tcp_Server</Filter>
    </ClCompile>
    <ClCompile Include="Socket\SocketInterface.cpp">
      <Filter>Scoket</Filter>
    </ClCompile>
    <ClCompile Include="Test.cpp">
      <Filter>源文件</Filter>
    </ClCompile>
    <ClCompile Include="Socket\UDP\SocketUDPClient.cpp">
      <Filter>Scoket\UDP</Filter>
    </ClCompile>
    <ClCompile Include="stdafx.cpp">
      <Filter>源文件</Filter>
    </ClCompile>
  </ItemGroup>
</Project>